PODS:
  - Alamofire (4.8.2)
  - Kingfisher (5.5.0)
  - NVActivityIndicatorView (4.7.0):
    - NVActivityIndicatorView/Presenter (= 4.7.0)
  - NVActivityIndicatorView/Presenter (4.7.0)
  - Realm (3.16.1):
    - Realm/Headers (= 3.16.1)
  - Realm/Headers (3.16.1)
  - RealmSwift (3.16.1):
    - Realm (= 3.16.1)
  - SwiftMessages (6.0.2):
    - SwiftMessages/App (= 6.0.2)
  - SwiftMessages/App (6.0.2)
  - SwiftyVIPER (1.2.3)

DEPENDENCIES:
  - Alamofire
  - Kingfisher (~> 5.0)
  - NVActivityIndicatorView
  - RealmSwift (from `https://github.com/realm/realm-cocoa.git`, branch `tg/xcode-11-b1`)
  - SwiftMessages
  - SwiftyVIPER (~> 1.0)

SPEC REPOS:
  https://github.com/cocoapods/specs.git:
    - Alamofire
    - Kingfisher
    - NVActivityIndicatorView
    - Realm
    - SwiftMessages
    - SwiftyVIPER

EXTERNAL SOURCES:
  RealmSwift:
    :branch: tg/xcode-11-b1
    :git: https://github.com/realm/realm-cocoa.git
    :submodules: true

CHECKOUT OPTIONS:
  RealmSwift:
    :commit: 2e58dfe78e5f641262c4c5c7e5a13f05b434c610
    :git: https://github.com/realm/realm-cocoa.git
    :submodules: true

SPEC CHECKSUMS:
  Alamofire: ae5c501addb7afdbb13687d7f2f722c78734c2d3
  Kingfisher: 6fe5e67a90fd335e49b0f5c075ff55ac5ebedd94
  NVActivityIndicatorView: b19ddab2576f805cbe0fb2306cba3476e09a1dea
  Realm: 601cacc51d8be3b17a377ef787be0f6ee0e76cf1
  RealmSwift: 486f2e09d5a8ccff63ed66e48d0846b111deb5e5
  SwiftMessages: 8b3cc68dba2f1c91aac1a74c90b10287aac35371
  SwiftyVIPER: 83afd74104ea27303ec6a52563f4adbf33413e50

PODFILE CHECKSUM: 06448c100920007c6f943067cd3c49d7c72f4a52

COCOAPODS: 1.7.2
